
Microsoft Visual Studio Solution File, Format Version 12.00
# Visual Studio Version 17
VisualStudioVersion = 17.14.36127.28 d17.14
MinimumVisualStudioVersion = 10.0.40219.1
Project("{FAE04EC0-301F-11D3-BF4B-00C04F79EFBC}") = "ProductsApi", "ProductsApi\ProductsApi.csproj", "{F4F9F0AE-0938-485F-923F-5AF8410640CB}"
EndProject
Global
	GlobalSection(SolutionConfigurationPlatforms) = preSolution
		Debug|Any CPU = Debug|Any CPU
		Release|Any CPU = Release|Any CPU
	EndGlobalSection
	GlobalSection(ProjectConfigurationPlatforms) = postSolution
		{F4F9F0AE-0938-485F-923F-5AF8410640CB}.Debug|Any CPU.ActiveCfg = Debug|Any CPU
		{F4F9F0AE-0938-485F-923F-5AF8410640CB}.Debug|Any CPU.Build.0 = Debug|Any CPU
		{F4F9F0AE-0938-485F-923F-5AF8410640CB}.Release|Any CPU.ActiveCfg = Release|Any CPU
		{F4F9F0AE-0938-485F-923F-5AF8410640CB}.Release|Any CPU.Build.0 = Release|Any CPU
	EndGlobalSection
	GlobalSection(SolutionProperties) = preSolution
		HideSolutionNode = FALSE
	EndGlobalSection
	GlobalSection(ExtensibilityGlobals) = postSolution
		SolutionGuid = {82AB2F70-31BC-4EA6-A0E6-A99B70A54308}
	EndGlobalSection
EndGlobal
